{
  "pins" : [
    {
      "identity" : "grdb.swift",
      "kind" : "remoteSourceControl",
      "location" : "https://github.com/groue/GRDB.swift.git",
      "state" : {
        "revision" : "c3cc998fc14efa356259e5d01d8910e82de080ad",
        "version" : "6.6.0"
      }
    },
    {
      "identity" : "swift-argument-parser",
      "kind" : "remoteSourceControl",
      "location" : "https://github.com/apple/swift-argument-parser",
      "state" : {
        "revision" : "fddd1c00396eed152c45a46bea9f47b98e59301d",
        "version" : "1.2.0"
      }
    }
  ],
  "version" : 2
}
